// !$*UTF8*$!
{
	archiveVersion = 1;
	classes = {
	};
	objectVersion = 56;
	objects = {

/* Begin PBXBuildFile section */
		A100000001 /* App.swift in Sources */ = {isa = PBXBuildFile; fileRef = B100000001; };
		A100000002 /* AppDelegate.swift in Sources */ = {isa = PBXBuildFile; fileRef = B100000002; };
		A100000003 /* ServiceManager.swift in Sources */ = {isa = PBXBuildFile; fileRef = B100000003; };
		A100000004 /* PostgresService.swift in Sources */ = {isa = PBXBuildFile; fileRef = B100000004; };
		A100000005 /* TikaService.swift in Sources */ = {isa = PBXBuildFile; fileRef = B100000005; };
		A100000006 /* PythonService.swift in Sources */ = {isa = PBXBuildFile; fileRef = B100000006; };
		A100000007 /* APIService.swift in Sources */ = {isa = PBXBuildFile; fileRef = B100000007; };
		A100000008 /* WorkerService.swift in Sources */ = {isa = PBXBuildFile; fileRef = B100000008; };
		A100000009 /* EmbedderService.swift in Sources */ = {isa = PBXBuildFile; fileRef = B100000009; };
		A100000010 /* MigrationRunner.swift in Sources */ = {isa = PBXBuildFile; fileRef = B100000010; };
		A100000011 /* HealthChecker.swift in Sources */ = {isa = PBXBuildFile; fileRef = B100000011; };
		A100000012 /* LogManager.swift in Sources */ = {isa = PBXBuildFile; fileRef = B100000012; };
		A100000013 /* StatusWindow.swift in Sources */ = {isa = PBXBuildFile; fileRef = B100000013; };
		A100000014 /* Settings.swift in Sources */ = {isa = PBXBuildFile; fileRef = B100000014; };
		A100000015 /* PreferencesWindow.swift in Sources */ = {isa = PBXBuildFile; fileRef = B100000015; };
		A100000016 /* Assets.xcassets in Resources */ = {isa = PBXBuildFile; fileRef = B100000016; };
		A100000017 /* LlamaService.swift in Sources */ = {isa = PBXBuildFile; fileRef = B100000017; };
		A100000018 /* LogWindow.swift in Sources */ = {isa = PBXBuildFile; fileRef = B100000018; };
		AT10000001 /* WorkerCountsTests.swift in Sources */ = {isa = PBXBuildFile; fileRef = BT10000001; };
		AT10000002 /* AppSettingsTests.swift in Sources */ = {isa = PBXBuildFile; fileRef = BT10000002; };
		AT10000003 /* OverallStateTests.swift in Sources */ = {isa = PBXBuildFile; fileRef = BT10000003; };
		AT10000004 /* LogManagerTests.swift in Sources */ = {isa = PBXBuildFile; fileRef = BT10000004; };
		AT10000005 /* HealthCheckerTests.swift in Sources */ = {isa = PBXBuildFile; fileRef = BT10000005; };
		AT10000006 /* ServiceConfigTests.swift in Sources */ = {isa = PBXBuildFile; fileRef = BT10000006; };
		AT10000007 /* BundleResourceTests.swift in Sources */ = {isa = PBXBuildFile; fileRef = BT10000007; };
/* End PBXBuildFile section */

/* Begin PBXContainerItemProxy section */
		CP10000001 /* PBXContainerItemProxy */ = {
			isa = PBXContainerItemProxy;
			containerPortal = G100000004 /* Project object */;
			proxyType = 1;
			remoteGlobalIDString = G100000001;
			remoteInfo = HarborClerkServer;
		};
/* End PBXContainerItemProxy section */

/* Begin PBXFileReference section */
		B100000001 /* App.swift */ = {isa = PBXFileReference; lastKnownFileType = sourcecode.swift; path = App.swift; sourceTree = "<group>"; };
		B100000002 /* AppDelegate.swift */ = {isa = PBXFileReference; lastKnownFileType = sourcecode.swift; path = AppDelegate.swift; sourceTree = "<group>"; };
		B100000003 /* ServiceManager.swift */ = {isa = PBXFileReference; lastKnownFileType = sourcecode.swift; path = ServiceManager.swift; sourceTree = "<group>"; };
		B100000004 /* PostgresService.swift */ = {isa = PBXFileReference; lastKnownFileType = sourcecode.swift; path = PostgresService.swift; sourceTree = "<group>"; };
		B100000005 /* TikaService.swift */ = {isa = PBXFileReference; lastKnownFileType = sourcecode.swift; path = TikaService.swift; sourceTree = "<group>"; };
		B100000006 /* PythonService.swift */ = {isa = PBXFileReference; lastKnownFileType = sourcecode.swift; path = PythonService.swift; sourceTree = "<group>"; };
		B100000007 /* APIService.swift */ = {isa = PBXFileReference; lastKnownFileType = sourcecode.swift; path = APIService.swift; sourceTree = "<group>"; };
		B100000008 /* WorkerService.swift */ = {isa = PBXFileReference; lastKnownFileType = sourcecode.swift; path = WorkerService.swift; sourceTree = "<group>"; };
		B100000009 /* EmbedderService.swift */ = {isa = PBXFileReference; lastKnownFileType = sourcecode.swift; path = EmbedderService.swift; sourceTree = "<group>"; };
		B100000010 /* MigrationRunner.swift */ = {isa = PBXFileReference; lastKnownFileType = sourcecode.swift; path = MigrationRunner.swift; sourceTree = "<group>"; };
		B100000011 /* HealthChecker.swift */ = {isa = PBXFileReference; lastKnownFileType = sourcecode.swift; path = HealthChecker.swift; sourceTree = "<group>"; };
		B100000012 /* LogManager.swift */ = {isa = PBXFileReference; lastKnownFileType = sourcecode.swift; path = LogManager.swift; sourceTree = "<group>"; };
		B100000013 /* StatusWindow.swift */ = {isa = PBXFileReference; lastKnownFileType = sourcecode.swift; path = StatusWindow.swift; sourceTree = "<group>"; };
		B100000014 /* Settings.swift */ = {isa = PBXFileReference; lastKnownFileType = sourcecode.swift; path = Settings.swift; sourceTree = "<group>"; };
		B100000015 /* PreferencesWindow.swift */ = {isa = PBXFileReference; lastKnownFileType = sourcecode.swift; path = PreferencesWindow.swift; sourceTree = "<group>"; };
		B100000016 /* Assets.xcassets */ = {isa = PBXFileReference; lastKnownFileType = folder.assetcatalog; path = Assets.xcassets; sourceTree = "<group>"; };
		C100000001 /* HarborClerkServer.app */ = {isa = PBXFileReference; explicitFileType = wrapper.application; includeInIndex = 0; path = HarborClerkServer.app; sourceTree = BUILT_PRODUCTS_DIR; };
		B100000017 /* LlamaService.swift */ = {isa = PBXFileReference; lastKnownFileType = sourcecode.swift; path = LlamaService.swift; sourceTree = "<group>"; };
		B100000018 /* LogWindow.swift */ = {isa = PBXFileReference; lastKnownFileType = sourcecode.swift; path = LogWindow.swift; sourceTree = "<group>"; };
		D100000001 /* Info.plist */ = {isa = PBXFileReference; lastKnownFileType = text.plist.xml; path = Info.plist; sourceTree = "<group>"; };
		D100000002 /* HarborClerkServer.entitlements */ = {isa = PBXFileReference; lastKnownFileType = text.plist.entitlements; path = HarborClerkServer.entitlements; sourceTree = "<group>"; };
		CT10000001 /* HarborClerkServerTests.xctest */ = {isa = PBXFileReference; explicitFileType = wrapper.cfbundle; includeInIndex = 0; path = HarborClerkServerTests.xctest; sourceTree = BUILT_PRODUCTS_DIR; };
		BT10000001 /* WorkerCountsTests.swift */ = {isa = PBXFileReference; lastKnownFileType = sourcecode.swift; path = WorkerCountsTests.swift; sourceTree = "<group>"; };
		BT10000002 /* AppSettingsTests.swift */ = {isa = PBXFileReference; lastKnownFileType = sourcecode.swift; path = AppSettingsTests.swift; sourceTree = "<group>"; };
		BT10000003 /* OverallStateTests.swift */ = {isa = PBXFileReference; lastKnownFileType = sourcecode.swift; path = OverallStateTests.swift; sourceTree = "<group>"; };
		BT10000004 /* LogManagerTests.swift */ = {isa = PBXFileReference; lastKnownFileType = sourcecode.swift; path = LogManagerTests.swift; sourceTree = "<group>"; };
		BT10000005 /* HealthCheckerTests.swift */ = {isa = PBXFileReference; lastKnownFileType = sourcecode.swift; path = HealthCheckerTests.swift; sourceTree = "<group>"; };
		BT10000006 /* ServiceConfigTests.swift */ = {isa = PBXFileReference; lastKnownFileType = sourcecode.swift; path = ServiceConfigTests.swift; sourceTree = "<group>"; };
		BT10000007 /* BundleResourceTests.swift */ = {isa = PBXFileReference; lastKnownFileType = sourcecode.swift; path = BundleResourceTests.swift; sourceTree = "<group>"; };
/* End PBXFileReference section */

/* Begin PBXFrameworksBuildPhase section */
		E100000001 /* Frameworks */ = {
			isa = PBXFrameworksBuildPhase;
			buildActionMask = 2147483647;
			files = (
			);
			runOnlyForDeploymentPostprocessing = 0;
		};
		ET10000001 /* Frameworks */ = {
			isa = PBXFrameworksBuildPhase;
			buildActionMask = 2147483647;
			files = (
			);
			runOnlyForDeploymentPostprocessing = 0;
		};
/* End PBXFrameworksBuildPhase section */

/* Begin PBXGroup section */
		F100000001 = {
			isa = PBXGroup;
			children = (
				F100000002 /* HarborClerkServer */,
				FT10000001 /* HarborClerkServerTests */,
				F100000004 /* Products */,
			);
			sourceTree = "<group>";
		};
		F100000002 /* HarborClerkServer */ = {
			isa = PBXGroup;
			children = (
				B100000001 /* App.swift */,
				B100000002 /* AppDelegate.swift */,
				B100000003 /* ServiceManager.swift */,
				F100000003 /* Services */,
				B100000010 /* MigrationRunner.swift */,
				B100000011 /* HealthChecker.swift */,
				B100000012 /* LogManager.swift */,
				B100000013 /* StatusWindow.swift */,
				B100000018 /* LogWindow.swift */,
				B100000014 /* Settings.swift */,
				B100000015 /* PreferencesWindow.swift */,
				B100000016 /* Assets.xcassets */,
				D100000001 /* Info.plist */,
				D100000002 /* HarborClerkServer.entitlements */,
			);
			path = HarborClerkServer;
			sourceTree = "<group>";
		};
		F100000003 /* Services */ = {
			isa = PBXGroup;
			children = (
				B100000004 /* PostgresService.swift */,
				B100000005 /* TikaService.swift */,
				B100000006 /* PythonService.swift */,
				B100000007 /* APIService.swift */,
				B100000008 /* WorkerService.swift */,
				B100000009 /* EmbedderService.swift */,
				B100000017 /* LlamaService.swift */,
			);
			path = Services;
			sourceTree = "<group>";
		};
		F100000004 /* Products */ = {
			isa = PBXGroup;
			children = (
				C100000001 /* HarborClerkServer.app */,
				CT10000001 /* HarborClerkServerTests.xctest */,
			);
			name = Products;
			sourceTree = "<group>";
		};
		FT10000001 /* HarborClerkServerTests */ = {
			isa = PBXGroup;
			children = (
				BT10000001 /* WorkerCountsTests.swift */,
				BT10000002 /* AppSettingsTests.swift */,
				BT10000003 /* OverallStateTests.swift */,
				BT10000004 /* LogManagerTests.swift */,
				BT10000005 /* HealthCheckerTests.swift */,
				BT10000006 /* ServiceConfigTests.swift */,
				BT10000007 /* BundleResourceTests.swift */,
			);
			path = HarborClerkServerTests;
			sourceTree = "<group>";
		};
/* End PBXGroup section */

/* Begin PBXNativeTarget section */
		G100000001 /* HarborClerkServer */ = {
			isa = PBXNativeTarget;
			buildConfigurationList = H100000003 /* Build configuration list for PBXNativeTarget "HarborClerkServer" */;
			buildPhases = (
				G100000002 /* Sources */,
				E100000001 /* Frameworks */,
				G100000003 /* Resources */,
				SP10000001 /* Copy Frontend Dist */,
			);
			buildRules = (
			);
			dependencies = (
			);
			name = HarborClerkServer;
			productName = HarborClerkServer;
			productReference = C100000001 /* HarborClerkServer.app */;
			productType = "com.apple.product-type.application";
		};
		GT10000001 /* HarborClerkServerTests */ = {
			isa = PBXNativeTarget;
			buildConfigurationList = HT10000003 /* Build configuration list for PBXNativeTarget "HarborClerkServerTests" */;
			buildPhases = (
				GT10000002 /* Sources */,
				ET10000001 /* Frameworks */,
				GT10000003 /* Resources */,
			);
			buildRules = (
			);
			dependencies = (
				DT10000001 /* PBXTargetDependency */,
			);
			name = HarborClerkServerTests;
			productName = HarborClerkServerTests;
			productReference = CT10000001 /* HarborClerkServerTests.xctest */;
			productType = "com.apple.product-type.bundle.unit-test";
		};
/* End PBXNativeTarget section */

/* Begin PBXProject section */
		G100000004 /* Project object */ = {
			isa = PBXProject;
			attributes = {
				BuildIndependentTargetsInParallel = 1;
				LastSwiftUpdateCheck = 1600;
				LastUpgradeCheck = 1600;
			};
			buildConfigurationList = H100000001 /* Build configuration list for PBXProject "HarborClerkServer" */;
			compatibilityVersion = "Xcode 14.0";
			developmentRegion = en;
			hasScannedForEncodings = 0;
			knownRegions = (
				en,
				Base,
			);
			mainGroup = F100000001;
			productRefGroup = F100000004 /* Products */;
			projectDirPath = "";
			projectRoot = "";
			targets = (
				G100000001 /* HarborClerkServer */,
				GT10000001 /* HarborClerkServerTests */,
			);
		};
/* End PBXProject section */

/* Begin PBXResourcesBuildPhase section */
		G100000003 /* Resources */ = {
			isa = PBXResourcesBuildPhase;
			buildActionMask = 2147483647;
			files = (
				A100000016 /* Assets.xcassets in Resources */,
			);
			runOnlyForDeploymentPostprocessing = 0;
		};
		GT10000003 /* Resources */ = {
			isa = PBXResourcesBuildPhase;
			buildActionMask = 2147483647;
			files = (
			);
			runOnlyForDeploymentPostprocessing = 0;
		};
/* End PBXResourcesBuildPhase section */

/* Begin PBXShellScriptBuildPhase section */
		SP10000001 /* Copy Frontend Dist */ = {
			isa = PBXShellScriptBuildPhase;
			buildActionMask = 2147483647;
			files = (
			);
			inputFileListPaths = (
			);
			inputPaths = (
			);
			name = "Copy Frontend Dist";
			outputFileListPaths = (
			);
			outputPaths = (
			);
			runOnlyForDeploymentPostprocessing = 0;
			shellPath = /bin/sh;
			shellScript = "FRONTEND_SRC=\"${PROJECT_DIR}/../../frontend/dist\"\nFRONTEND_DEST=\"${BUILT_PRODUCTS_DIR}/${CONTENTS_FOLDER_PATH}/Resources/frontend-dist\"\n\nif [ -d \"$FRONTEND_SRC\" ]; then\n    mkdir -p \"$FRONTEND_DEST\"\n    rsync -a --delete \"$FRONTEND_SRC/\" \"$FRONTEND_DEST/\"\n    echo \"note: Copied frontend-dist from $FRONTEND_SRC\"\nelse\n    echo \"warning: frontend/dist not found — run 'cd frontend && npm run build' first\"\nfi\n";
		};
/* End PBXShellScriptBuildPhase section */

/* Begin PBXSourcesBuildPhase section */
		G100000002 /* Sources */ = {
			isa = PBXSourcesBuildPhase;
			buildActionMask = 2147483647;
			files = (
				A100000001 /* App.swift in Sources */,
				A100000002 /* AppDelegate.swift in Sources */,
				A100000003 /* ServiceManager.swift in Sources */,
				A100000004 /* PostgresService.swift in Sources */,
				A100000005 /* TikaService.swift in Sources */,
				A100000006 /* PythonService.swift in Sources */,
				A100000007 /* APIService.swift in Sources */,
				A100000008 /* WorkerService.swift in Sources */,
				A100000009 /* EmbedderService.swift in Sources */,
				A100000010 /* MigrationRunner.swift in Sources */,
				A100000011 /* HealthChecker.swift in Sources */,
				A100000012 /* LogManager.swift in Sources */,
				A100000013 /* StatusWindow.swift in Sources */,
				A100000014 /* Settings.swift in Sources */,
				A100000015 /* PreferencesWindow.swift in Sources */,
				A100000017 /* LlamaService.swift in Sources */,
				A100000018 /* LogWindow.swift in Sources */,
			);
			runOnlyForDeploymentPostprocessing = 0;
		};
		GT10000002 /* Sources */ = {
			isa = PBXSourcesBuildPhase;
			buildActionMask = 2147483647;
			files = (
				AT10000001 /* WorkerCountsTests.swift in Sources */,
				AT10000002 /* AppSettingsTests.swift in Sources */,
				AT10000003 /* OverallStateTests.swift in Sources */,
				AT10000004 /* LogManagerTests.swift in Sources */,
				AT10000005 /* HealthCheckerTests.swift in Sources */,
				AT10000006 /* ServiceConfigTests.swift in Sources */,
				AT10000007 /* BundleResourceTests.swift in Sources */,
			);
			runOnlyForDeploymentPostprocessing = 0;
		};
/* End PBXSourcesBuildPhase section */

/* Begin PBXTargetDependency section */
		DT10000001 /* PBXTargetDependency */ = {
			isa = PBXTargetDependency;
			target = G100000001 /* HarborClerkServer */;
			targetProxy = CP10000001 /* PBXContainerItemProxy */;
		};
/* End PBXTargetDependency section */

/* Begin XCBuildConfiguration section */
		H100000002 /* Debug */ = {
			isa = XCBuildConfiguration;
			buildSettings = {
				ALWAYS_SEARCH_USER_PATHS = NO;
				CLANG_ENABLE_MODULES = YES;
				CLANG_ENABLE_OBJC_ARC = YES;
				CODE_SIGN_STYLE = Automatic;
				COPY_PHASE_STRIP = NO;
				DEBUG_INFORMATION_FORMAT = dwarf;
				GCC_DYNAMIC_NO_PIC = NO;
				GCC_OPTIMIZATION_LEVEL = 0;
				MACOSX_DEPLOYMENT_TARGET = 15.0;
				MTL_ENABLE_DEBUG_INFO = INCLUDE_SOURCE;
				ONLY_ACTIVE_ARCH = YES;
				SDKROOT = macosx;
				SWIFT_ACTIVE_COMPILATION_CONDITIONS = DEBUG;
				SWIFT_OPTIMIZATION_LEVEL = "-Onone";
				SWIFT_VERSION = 5.0;
			};
			name = Debug;
		};
		H100000004 /* Release */ = {
			isa = XCBuildConfiguration;
			buildSettings = {
				ALWAYS_SEARCH_USER_PATHS = NO;
				CLANG_ENABLE_MODULES = YES;
				CLANG_ENABLE_OBJC_ARC = YES;
				CODE_SIGN_STYLE = Automatic;
				COPY_PHASE_STRIP = NO;
				DEBUG_INFORMATION_FORMAT = "dwarf-with-dsym";
				ENABLE_NS_ASSERTIONS = NO;
				GCC_OPTIMIZATION_LEVEL = s;
				MACOSX_DEPLOYMENT_TARGET = 15.0;
				SDKROOT = macosx;
				SWIFT_COMPILATION_MODE = wholemodule;
				SWIFT_OPTIMIZATION_LEVEL = "-O";
				SWIFT_VERSION = 5.0;
			};
			name = Release;
		};
		H100000005 /* Debug */ = {
			isa = XCBuildConfiguration;
			buildSettings = {
				ASSETCATALOG_COMPILER_APPICON_NAME = AppIcon;
				CODE_SIGN_ENTITLEMENTS = HarborClerkServer/HarborClerkServer.entitlements;
				CODE_SIGN_STYLE = Automatic;
				COMBINE_HIDPI_IMAGES = YES;
				CURRENT_PROJECT_VERSION = 1;
				DEFINES_MODULE = YES;
				ENABLE_TESTABILITY = YES;
				GENERATE_INFOPLIST_FILE = NO;
				INFOPLIST_FILE = HarborClerkServer/Info.plist;
				LD_RUNPATH_SEARCH_PATHS = (
					"$(inherited)",
					"@executable_path/../Frameworks",
				);
				MARKETING_VERSION = 1.0;
				PRODUCT_BUNDLE_IDENTIFIER = com.harborclerk.HarborClerkServer;
				PRODUCT_NAME = "$(TARGET_NAME)";
				SWIFT_EMIT_LOC_STRINGS = YES;
				SWIFT_VERSION = 5.0;
			};
			name = Debug;
		};
		H100000006 /* Release */ = {
			isa = XCBuildConfiguration;
			buildSettings = {
				ASSETCATALOG_COMPILER_APPICON_NAME = AppIcon;
				CODE_SIGN_ENTITLEMENTS = HarborClerkServer/HarborClerkServer.entitlements;
				CODE_SIGN_STYLE = Automatic;
				COMBINE_HIDPI_IMAGES = YES;
				CURRENT_PROJECT_VERSION = 1;
				DEFINES_MODULE = YES;
				GENERATE_INFOPLIST_FILE = NO;
				INFOPLIST_FILE = HarborClerkServer/Info.plist;
				LD_RUNPATH_SEARCH_PATHS = (
					"$(inherited)",
					"@executable_path/../Frameworks",
				);
				MARKETING_VERSION = 1.0;
				PRODUCT_BUNDLE_IDENTIFIER = com.harborclerk.HarborClerkServer;
				PRODUCT_NAME = "$(TARGET_NAME)";
				SWIFT_EMIT_LOC_STRINGS = YES;
				SWIFT_VERSION = 5.0;
			};
			name = Release;
		};
		HT10000001 /* Debug */ = {
			isa = XCBuildConfiguration;
			buildSettings = {
				BUNDLE_LOADER = "$(TEST_HOST)";
				CODE_SIGN_STYLE = Automatic;
				CURRENT_PROJECT_VERSION = 1;
				GENERATE_INFOPLIST_FILE = YES;
				MACOSX_DEPLOYMENT_TARGET = 15.0;
				MARKETING_VERSION = 1.0;
				PRODUCT_BUNDLE_IDENTIFIER = com.harborclerk.HarborClerkServerTests;
				PRODUCT_NAME = "$(TARGET_NAME)";
				SWIFT_EMIT_LOC_STRINGS = NO;
				SWIFT_VERSION = 5.0;
				TEST_HOST = "$(BUILT_PRODUCTS_DIR)/HarborClerkServer.app/Contents/MacOS/HarborClerkServer";
			};
			name = Debug;
		};
		HT10000002 /* Release */ = {
			isa = XCBuildConfiguration;
			buildSettings = {
				BUNDLE_LOADER = "$(TEST_HOST)";
				CODE_SIGN_STYLE = Automatic;
				CURRENT_PROJECT_VERSION = 1;
				GENERATE_INFOPLIST_FILE = YES;
				MACOSX_DEPLOYMENT_TARGET = 15.0;
				MARKETING_VERSION = 1.0;
				PRODUCT_BUNDLE_IDENTIFIER = com.harborclerk.HarborClerkServerTests;
				PRODUCT_NAME = "$(TARGET_NAME)";
				SWIFT_EMIT_LOC_STRINGS = NO;
				SWIFT_VERSION = 5.0;
				TEST_HOST = "$(BUILT_PRODUCTS_DIR)/HarborClerkServer.app/Contents/MacOS/HarborClerkServer";
			};
			name = Release;
		};
/* End XCBuildConfiguration section */

/* Begin XCConfigurationList section */
		H100000001 /* Build configuration list for PBXProject "HarborClerkServer" */ = {
			isa = XCConfigurationList;
			buildConfigurations = (
				H100000002 /* Debug */,
				H100000004 /* Release */,
			);
			defaultConfigurationIsVisible = 0;
			defaultConfigurationName = Release;
		};
		H100000003 /* Build configuration list for PBXNativeTarget "HarborClerkServer" */ = {
			isa = XCConfigurationList;
			buildConfigurations = (
				H100000005 /* Debug */,
				H100000006 /* Release */,
			);
			defaultConfigurationIsVisible = 0;
			defaultConfigurationName = Release;
		};
		HT10000003 /* Build configuration list for PBXNativeTarget "HarborClerkServerTests" */ = {
			isa = XCConfigurationList;
			buildConfigurations = (
				HT10000001 /* Debug */,
				HT10000002 /* Release */,
			);
			defaultConfigurationIsVisible = 0;
			defaultConfigurationName = Release;
		};
/* End XCConfigurationList section */

	};
	rootObject = G100000004 /* Project object */;
}
