// !$*UTF8*$!
{
	archiveVersion = 1;
	classes = {
	};
	objectVersion = 56;
	objects = {

/* Begin PBXBuildFile section */
		A200000001 /* App.swift in Sources */ = {isa = PBXBuildFile; fileRef = B200000001; };
		A200000002 /* ContentView.swift in Sources */ = {isa = PBXBuildFile; fileRef = B200000002; };
		A200000003 /* BackendDetector.swift in Sources */ = {isa = PBXBuildFile; fileRef = B200000003; };
		A200000004 /* Assets.xcassets in Resources */ = {isa = PBXBuildFile; fileRef = B200000004; };
		AT20000001 /* BackendDetectorTests.swift in Sources */ = {isa = PBXBuildFile; fileRef = BT20000001; };
/* End PBXBuildFile section */

/* Begin PBXContainerItemProxy section */
		CP20000001 /* PBXContainerItemProxy */ = {
			isa = PBXContainerItemProxy;
			containerPortal = G200000004 /* Project object */;
			proxyType = 1;
			remoteGlobalIDString = G200000001;
			remoteInfo = HarborClerk;
		};
/* End PBXContainerItemProxy section */

/* Begin PBXFileReference section */
		B200000001 /* App.swift */ = {isa = PBXFileReference; lastKnownFileType = sourcecode.swift; path = App.swift; sourceTree = "<group>"; };
		B200000002 /* ContentView.swift */ = {isa = PBXFileReference; lastKnownFileType = sourcecode.swift; path = ContentView.swift; sourceTree = "<group>"; };
		B200000003 /* BackendDetector.swift */ = {isa = PBXFileReference; lastKnownFileType = sourcecode.swift; path = BackendDetector.swift; sourceTree = "<group>"; };
		B200000004 /* Assets.xcassets */ = {isa = PBXFileReference; lastKnownFileType = folder.assetcatalog; path = Assets.xcassets; sourceTree = "<group>"; };
		C200000001 /* HarborClerk.app */ = {isa = PBXFileReference; explicitFileType = wrapper.application; includeInIndex = 0; path = HarborClerk.app; sourceTree = BUILT_PRODUCTS_DIR; };
		D200000001 /* Info.plist */ = {isa = PBXFileReference; lastKnownFileType = text.plist.xml; path = Info.plist; sourceTree = "<group>"; };
		D200000002 /* HarborClerk.entitlements */ = {isa = PBXFileReference; lastKnownFileType = text.plist.entitlements; path = HarborClerk.entitlements; sourceTree = "<group>"; };
		CT20000001 /* HarborClerkTests.xctest */ = {isa = PBXFileReference; explicitFileType = wrapper.cfbundle; includeInIndex = 0; path = HarborClerkTests.xctest; sourceTree = BUILT_PRODUCTS_DIR; };
		BT20000001 /* BackendDetectorTests.swift */ = {isa = PBXFileReference; lastKnownFileType = sourcecode.swift; path = BackendDetectorTests.swift; sourceTree = "<group>"; };
/* End PBXFileReference section */

/* Begin PBXFrameworksBuildPhase section */
		E200000001 /* Frameworks */ = {
			isa = PBXFrameworksBuildPhase;
			buildActionMask = 2147483647;
			files = (
			);
			runOnlyForDeploymentPostprocessing = 0;
		};
		ET20000001 /* Frameworks */ = {
			isa = PBXFrameworksBuildPhase;
			buildActionMask = 2147483647;
			files = (
			);
			runOnlyForDeploymentPostprocessing = 0;
		};
/* End PBXFrameworksBuildPhase section */

/* Begin PBXGroup section */
		F200000001 = {
			isa = PBXGroup;
			children = (
				F200000002 /* HarborClerk */,
				FT20000001 /* HarborClerkTests */,
				F200000003 /* Products */,
			);
			sourceTree = "<group>";
		};
		F200000002 /* HarborClerk */ = {
			isa = PBXGroup;
			children = (
				B200000001 /* App.swift */,
				B200000002 /* ContentView.swift */,
				B200000003 /* BackendDetector.swift */,
				B200000004 /* Assets.xcassets */,
				D200000001 /* Info.plist */,
				D200000002 /* HarborClerk.entitlements */,
			);
			path = HarborClerk;
			sourceTree = "<group>";
		};
		F200000003 /* Products */ = {
			isa = PBXGroup;
			children = (
				C200000001 /* HarborClerk.app */,
				CT20000001 /* HarborClerkTests.xctest */,
			);
			name = Products;
			sourceTree = "<group>";
		};
		FT20000001 /* HarborClerkTests */ = {
			isa = PBXGroup;
			children = (
				BT20000001 /* BackendDetectorTests.swift */,
			);
			path = HarborClerkTests;
			sourceTree = "<group>";
		};
/* End PBXGroup section */

/* Begin PBXNativeTarget section */
		G200000001 /* HarborClerk */ = {
			isa = PBXNativeTarget;
			buildConfigurationList = H200000003 /* Build configuration list for PBXNativeTarget "HarborClerk" */;
			buildPhases = (
				G200000002 /* Sources */,
				E200000001 /* Frameworks */,
				G200000003 /* Resources */,
			);
			buildRules = (
			);
			dependencies = (
			);
			name = HarborClerk;
			productName = HarborClerk;
			productReference = C200000001 /* HarborClerk.app */;
			productType = "com.apple.product-type.application";
		};
		GT20000001 /* HarborClerkTests */ = {
			isa = PBXNativeTarget;
			buildConfigurationList = HT20000003 /* Build configuration list for PBXNativeTarget "HarborClerkTests" */;
			buildPhases = (
				GT20000002 /* Sources */,
				ET20000001 /* Frameworks */,
				GT20000003 /* Resources */,
			);
			buildRules = (
			);
			dependencies = (
				DT20000001 /* PBXTargetDependency */,
			);
			name = HarborClerkTests;
			productName = HarborClerkTests;
			productReference = CT20000001 /* HarborClerkTests.xctest */;
			productType = "com.apple.product-type.bundle.unit-test";
		};
/* End PBXNativeTarget section */

/* Begin PBXProject section */
		G200000004 /* Project object */ = {
			isa = PBXProject;
			attributes = {
				BuildIndependentTargetsInParallel = 1;
				LastSwiftUpdateCheck = 1600;
				LastUpgradeCheck = 1600;
			};
			buildConfigurationList = H200000001 /* Build configuration list for PBXProject "HarborClerk" */;
			compatibilityVersion = "Xcode 14.0";
			developmentRegion = en;
			hasScannedForEncodings = 0;
			knownRegions = (
				en,
				Base,
			);
			mainGroup = F200000001;
			productRefGroup = F200000003 /* Products */;
			projectDirPath = "";
			projectRoot = "";
			targets = (
				G200000001 /* HarborClerk */,
				GT20000001 /* HarborClerkTests */,
			);
		};
/* End PBXProject section */

/* Begin PBXResourcesBuildPhase section */
		G200000003 /* Resources */ = {
			isa = PBXResourcesBuildPhase;
			buildActionMask = 2147483647;
			files = (
				A200000004 /* Assets.xcassets in Resources */,
			);
			runOnlyForDeploymentPostprocessing = 0;
		};
		GT20000003 /* Resources */ = {
			isa = PBXResourcesBuildPhase;
			buildActionMask = 2147483647;
			files = (
			);
			runOnlyForDeploymentPostprocessing = 0;
		};
/* End PBXResourcesBuildPhase section */

/* Begin PBXSourcesBuildPhase section */
		G200000002 /* Sources */ = {
			isa = PBXSourcesBuildPhase;
			buildActionMask = 2147483647;
			files = (
				A200000001 /* App.swift in Sources */,
				A200000002 /* ContentView.swift in Sources */,
				A200000003 /* BackendDetector.swift in Sources */,
			);
			runOnlyForDeploymentPostprocessing = 0;
		};
		GT20000002 /* Sources */ = {
			isa = PBXSourcesBuildPhase;
			buildActionMask = 2147483647;
			files = (
				AT20000001 /* BackendDetectorTests.swift in Sources */,
			);
			runOnlyForDeploymentPostprocessing = 0;
		};
/* End PBXSourcesBuildPhase section */

/* Begin PBXTargetDependency section */
		DT20000001 /* PBXTargetDependency */ = {
			isa = PBXTargetDependency;
			target = G200000001 /* HarborClerk */;
			targetProxy = CP20000001 /* PBXContainerItemProxy */;
		};
/* End PBXTargetDependency section */

/* Begin XCBuildConfiguration section */
		H200000002 /* Debug */ = {
			isa = XCBuildConfiguration;
			buildSettings = {
				ALWAYS_SEARCH_USER_PATHS = NO;
				CLANG_ENABLE_MODULES = YES;
				CLANG_ENABLE_OBJC_ARC = YES;
				CODE_SIGN_STYLE = Automatic;
				COPY_PHASE_STRIP = NO;
				DEBUG_INFORMATION_FORMAT = dwarf;
				GCC_DYNAMIC_NO_PIC = NO;
				GCC_OPTIMIZATION_LEVEL = 0;
				MACOSX_DEPLOYMENT_TARGET = 15.0;
				MTL_ENABLE_DEBUG_INFO = INCLUDE_SOURCE;
				ONLY_ACTIVE_ARCH = YES;
				SDKROOT = macosx;
				SWIFT_ACTIVE_COMPILATION_CONDITIONS = DEBUG;
				SWIFT_OPTIMIZATION_LEVEL = "-Onone";
				SWIFT_VERSION = 5.0;
			};
			name = Debug;
		};
		H200000004 /* Release */ = {
			isa = XCBuildConfiguration;
			buildSettings = {
				ALWAYS_SEARCH_USER_PATHS = NO;
				CLANG_ENABLE_MODULES = YES;
				CLANG_ENABLE_OBJC_ARC = YES;
				CODE_SIGN_STYLE = Automatic;
				COPY_PHASE_STRIP = NO;
				DEBUG_INFORMATION_FORMAT = "dwarf-with-dsym";
				ENABLE_NS_ASSERTIONS = NO;
				GCC_OPTIMIZATION_LEVEL = s;
				MACOSX_DEPLOYMENT_TARGET = 15.0;
				SDKROOT = macosx;
				SWIFT_COMPILATION_MODE = wholemodule;
				SWIFT_OPTIMIZATION_LEVEL = "-O";
				SWIFT_VERSION = 5.0;
			};
			name = Release;
		};
		H200000005 /* Debug */ = {
			isa = XCBuildConfiguration;
			buildSettings = {
				ASSETCATALOG_COMPILER_APPICON_NAME = AppIcon;
				CODE_SIGN_ENTITLEMENTS = HarborClerk/HarborClerk.entitlements;
				CODE_SIGN_STYLE = Automatic;
				COMBINE_HIDPI_IMAGES = YES;
				CURRENT_PROJECT_VERSION = 1;
				DEFINES_MODULE = YES;
				ENABLE_TESTABILITY = YES;
				GENERATE_INFOPLIST_FILE = NO;
				INFOPLIST_FILE = HarborClerk/Info.plist;
				LD_RUNPATH_SEARCH_PATHS = (
					"$(inherited)",
					"@executable_path/../Frameworks",
				);
				MARKETING_VERSION = 1.0;
				PRODUCT_BUNDLE_IDENTIFIER = com.harborclerk.HarborClerk;
				PRODUCT_NAME = "$(TARGET_NAME)";
				SWIFT_EMIT_LOC_STRINGS = YES;
				SWIFT_VERSION = 5.0;
			};
			name = Debug;
		};
		H200000006 /* Release */ = {
			isa = XCBuildConfiguration;
			buildSettings = {
				ASSETCATALOG_COMPILER_APPICON_NAME = AppIcon;
				CODE_SIGN_ENTITLEMENTS = HarborClerk/HarborClerk.entitlements;
				CODE_SIGN_STYLE = Automatic;
				COMBINE_HIDPI_IMAGES = YES;
				CURRENT_PROJECT_VERSION = 1;
				DEFINES_MODULE = YES;
				GENERATE_INFOPLIST_FILE = NO;
				INFOPLIST_FILE = HarborClerk/Info.plist;
				LD_RUNPATH_SEARCH_PATHS = (
					"$(inherited)",
					"@executable_path/../Frameworks",
				);
				MARKETING_VERSION = 1.0;
				PRODUCT_BUNDLE_IDENTIFIER = com.harborclerk.HarborClerk;
				PRODUCT_NAME = "$(TARGET_NAME)";
				SWIFT_EMIT_LOC_STRINGS = YES;
				SWIFT_VERSION = 5.0;
			};
			name = Release;
		};
		HT20000001 /* Debug */ = {
			isa = XCBuildConfiguration;
			buildSettings = {
				BUNDLE_LOADER = "$(TEST_HOST)";
				CODE_SIGN_STYLE = Automatic;
				CURRENT_PROJECT_VERSION = 1;
				GENERATE_INFOPLIST_FILE = YES;
				MACOSX_DEPLOYMENT_TARGET = 15.0;
				MARKETING_VERSION = 1.0;
				PRODUCT_BUNDLE_IDENTIFIER = com.harborclerk.HarborClerkTests;
				PRODUCT_NAME = "$(TARGET_NAME)";
				SWIFT_EMIT_LOC_STRINGS = NO;
				SWIFT_VERSION = 5.0;
				TEST_HOST = "$(BUILT_PRODUCTS_DIR)/HarborClerk.app/Contents/MacOS/HarborClerk";
			};
			name = Debug;
		};
		HT20000002 /* Release */ = {
			isa = XCBuildConfiguration;
			buildSettings = {
				BUNDLE_LOADER = "$(TEST_HOST)";
				CODE_SIGN_STYLE = Automatic;
				CURRENT_PROJECT_VERSION = 1;
				GENERATE_INFOPLIST_FILE = YES;
				MACOSX_DEPLOYMENT_TARGET = 15.0;
				MARKETING_VERSION = 1.0;
				PRODUCT_BUNDLE_IDENTIFIER = com.harborclerk.HarborClerkTests;
				PRODUCT_NAME = "$(TARGET_NAME)";
				SWIFT_EMIT_LOC_STRINGS = NO;
				SWIFT_VERSION = 5.0;
				TEST_HOST = "$(BUILT_PRODUCTS_DIR)/HarborClerk.app/Contents/MacOS/HarborClerk";
			};
			name = Release;
		};
/* End XCBuildConfiguration section */

/* Begin XCConfigurationList section */
		H200000001 /* Build configuration list for PBXProject "HarborClerk" */ = {
			isa = XCConfigurationList;
			buildConfigurations = (
				H200000002 /* Debug */,
				H200000004 /* Release */,
			);
			defaultConfigurationIsVisible = 0;
			defaultConfigurationName = Release;
		};
		H200000003 /* Build configuration list for PBXNativeTarget "HarborClerk" */ = {
			isa = XCConfigurationList;
			buildConfigurations = (
				H200000005 /* Debug */,
				H200000006 /* Release */,
			);
			defaultConfigurationIsVisible = 0;
			defaultConfigurationName = Release;
		};
		HT20000003 /* Build configuration list for PBXNativeTarget "HarborClerkTests" */ = {
			isa = XCConfigurationList;
			buildConfigurations = (
				HT20000001 /* Debug */,
				HT20000002 /* Release */,
			);
			defaultConfigurationIsVisible = 0;
			defaultConfigurationName = Release;
		};
/* End XCConfigurationList section */

	};
	rootObject = G200000004 /* Project object */;
}
